
Microsoft Visual Studio Solution File, Format Version 12.00
# Visual Studio Version 17
VisualStudioVersion = 17.0.31903.59
MinimumVisualStudioVersion = 10.0.40219.1
Project("{2150E333-8FDC-42A3-9474-1A3956D46DE8}") = "src", "src", "{827E0CD3-B72D-47B6-A68D-7590B98EB39B}"
EndProject
Project("{2150E333-8FDC-42A3-9474-1A3956D46DE8}") = "Core", "Core", "{8D626EA8-CB54-BC41-363A-217881BEBA6E}"
EndProject
Project("{FAE04EC0-301F-11D3-BF4B-00C04F79EFBC}") = "Bank.Core", "src\Core\Bank.Core.csproj", "{A57FD613-A698-44C9-BE34-98BEEFF8244D}"
EndProject
Project("{FAE04EC0-301F-11D3-BF4B-00C04F79EFBC}") = "Bank.Domain", "src\Domain\Bank.Domain.csproj", "{92085A3D-C884-4ECF-807D-A0E5C1DF424C}"
EndProject
Project("{FAE04EC0-301F-11D3-BF4B-00C04F79EFBC}") = "Bank.Application", "src\Application\Bank.Application.csproj", "{D649916A-81CC-4828-85D2-813E0B03A3B5}"
EndProject
Project("{FAE04EC0-301F-11D3-BF4B-00C04F79EFBC}") = "Bank.Persistence", "src\Persistence\Bank.Persistence.csproj", "{78962DFE-D61D-4273-BD61-F0D81A06A013}"
EndProject
Project("{FAE04EC0-301F-11D3-BF4B-00C04F79EFBC}") = "Bank.WebApi", "src\WebApi\Bank.WebApi.csproj", "{40FDCC1C-3F0A-4E4A-A4DB-D0A071EAB12A}"
EndProject
Global
	GlobalSection(SolutionConfigurationPlatforms) = preSolution
		Debug|Any CPU = Debug|Any CPU
		Debug|x64 = Debug|x64
		Debug|x86 = Debug|x86
		Release|Any CPU = Release|Any CPU
		Release|x64 = Release|x64
		Release|x86 = Release|x86
	EndGlobalSection
	GlobalSection(ProjectConfigurationPlatforms) = postSolution
		{A57FD613-A698-44C9-BE34-98BEEFF8244D}.Debug|Any CPU.ActiveCfg = Debug|Any CPU
		{A57FD613-A698-44C9-BE34-98BEEFF8244D}.Debug|Any CPU.Build.0 = Debug|Any CPU
		{A57FD613-A698-44C9-BE34-98BEEFF8244D}.Debug|x64.ActiveCfg = Debug|Any CPU
		{A57FD613-A698-44C9-BE34-98BEEFF8244D}.Debug|x64.Build.0 = Debug|Any CPU
		{A57FD613-A698-44C9-BE34-98BEEFF8244D}.Debug|x86.ActiveCfg = Debug|Any CPU
		{A57FD613-A698-44C9-BE34-98BEEFF8244D}.Debug|x86.Build.0 = Debug|Any CPU
		{A57FD613-A698-44C9-BE34-98BEEFF8244D}.Release|Any CPU.ActiveCfg = Release|Any CPU
		{A57FD613-A698-44C9-BE34-98BEEFF8244D}.Release|Any CPU.Build.0 = Release|Any CPU
		{A57FD613-A698-44C9-BE34-98BEEFF8244D}.Release|x64.ActiveCfg = Release|Any CPU
		{A57FD613-A698-44C9-BE34-98BEEFF8244D}.Release|x64.Build.0 = Release|Any CPU
		{A57FD613-A698-44C9-BE34-98BEEFF8244D}.Release|x86.ActiveCfg = Release|Any CPU
		{A57FD613-A698-44C9-BE34-98BEEFF8244D}.Release|x86.Build.0 = Release|Any CPU
		{92085A3D-C884-4ECF-807D-A0E5C1DF424C}.Debug|Any CPU.ActiveCfg = Debug|Any CPU
		{92085A3D-C884-4ECF-807D-A0E5C1DF424C}.Debug|Any CPU.Build.0 = Debug|Any CPU
		{92085A3D-C884-4ECF-807D-A0E5C1DF424C}.Debug|x64.ActiveCfg = Debug|Any CPU
		{92085A3D-C884-4ECF-807D-A0E5C1DF424C}.Debug|x64.Build.0 = Debug|Any CPU
		{92085A3D-C884-4ECF-807D-A0E5C1DF424C}.Debug|x86.ActiveCfg = Debug|Any CPU
		{92085A3D-C884-4ECF-807D-A0E5C1DF424C}.Debug|x86.Build.0 = Debug|Any CPU
		{92085A3D-C884-4ECF-807D-A0E5C1DF424C}.Release|Any CPU.ActiveCfg = Release|Any CPU
		{92085A3D-C884-4ECF-807D-A0E5C1DF424C}.Release|Any CPU.Build.0 = Release|Any CPU
		{92085A3D-C884-4ECF-807D-A0E5C1DF424C}.Release|x64.ActiveCfg = Release|Any CPU
		{92085A3D-C884-4ECF-807D-A0E5C1DF424C}.Release|x64.Build.0 = Release|Any CPU
		{92085A3D-C884-4ECF-807D-A0E5C1DF424C}.Release|x86.ActiveCfg = Release|Any CPU
		{92085A3D-C884-4ECF-807D-A0E5C1DF424C}.Release|x86.Build.0 = Release|Any CPU
		{D649916A-81CC-4828-85D2-813E0B03A3B5}.Debug|Any CPU.ActiveCfg = Debug|Any CPU
		{D649916A-81CC-4828-85D2-813E0B03A3B5}.Debug|Any CPU.Build.0 = Debug|Any CPU
		{D649916A-81CC-4828-85D2-813E0B03A3B5}.Debug|x64.ActiveCfg = Debug|Any CPU
		{D649916A-81CC-4828-85D2-813E0B03A3B5}.Debug|x64.Build.0 = Debug|Any CPU
		{D649916A-81CC-4828-85D2-813E0B03A3B5}.Debug|x86.ActiveCfg = Debug|Any CPU
		{D649916A-81CC-4828-85D2-813E0B03A3B5}.Debug|x86.Build.0 = Debug|Any CPU
		{D649916A-81CC-4828-85D2-813E0B03A3B5}.Release|Any CPU.ActiveCfg = Release|Any CPU
		{D649916A-81CC-4828-85D2-813E0B03A3B5}.Release|Any CPU.Build.0 = Release|Any CPU
		{D649916A-81CC-4828-85D2-813E0B03A3B5}.Release|x64.ActiveCfg = Release|Any CPU
		{D649916A-81CC-4828-85D2-813E0B03A3B5}.Release|x64.Build.0 = Release|Any CPU
		{D649916A-81CC-4828-85D2-813E0B03A3B5}.Release|x86.ActiveCfg = Release|Any CPU
		{D649916A-81CC-4828-85D2-813E0B03A3B5}.Release|x86.Build.0 = Release|Any CPU
		{78962DFE-D61D-4273-BD61-F0D81A06A013}.Debug|Any CPU.ActiveCfg = Debug|Any CPU
		{78962DFE-D61D-4273-BD61-F0D81A06A013}.Debug|Any CPU.Build.0 = Debug|Any CPU
		{78962DFE-D61D-4273-BD61-F0D81A06A013}.Debug|x64.ActiveCfg = Debug|Any CPU
		{78962DFE-D61D-4273-BD61-F0D81A06A013}.Debug|x64.Build.0 = Debug|Any CPU
		{78962DFE-D61D-4273-BD61-F0D81A06A013}.Debug|x86.ActiveCfg = Debug|Any CPU
		{78962DFE-D61D-4273-BD61-F0D81A06A013}.Debug|x86.Build.0 = Debug|Any CPU
		{78962DFE-D61D-4273-BD61-F0D81A06A013}.Release|Any CPU.ActiveCfg = Release|Any CPU
		{78962DFE-D61D-4273-BD61-F0D81A06A013}.Release|Any CPU.Build.0 = Release|Any CPU
		{78962DFE-D61D-4273-BD61-F0D81A06A013}.Release|x64.ActiveCfg = Release|Any CPU
		{78962DFE-D61D-4273-BD61-F0D81A06A013}.Release|x64.Build.0 = Release|Any CPU
		{78962DFE-D61D-4273-BD61-F0D81A06A013}.Release|x86.ActiveCfg = Release|Any CPU
		{78962DFE-D61D-4273-BD61-F0D81A06A013}.Release|x86.Build.0 = Release|Any CPU
		{40FDCC1C-3F0A-4E4A-A4DB-D0A071EAB12A}.Debug|Any CPU.ActiveCfg = Debug|Any CPU
		{40FDCC1C-3F0A-4E4A-A4DB-D0A071EAB12A}.Debug|Any CPU.Build.0 = Debug|Any CPU
		{40FDCC1C-3F0A-4E4A-A4DB-D0A071EAB12A}.Debug|x64.ActiveCfg = Debug|Any CPU
		{40FDCC1C-3F0A-4E4A-A4DB-D0A071EAB12A}.Debug|x64.Build.0 = Debug|Any CPU
		{40FDCC1C-3F0A-4E4A-A4DB-D0A071EAB12A}.Debug|x86.ActiveCfg = Debug|Any CPU
		{40FDCC1C-3F0A-4E4A-A4DB-D0A071EAB12A}.Debug|x86.Build.0 = Debug|Any CPU
		{40FDCC1C-3F0A-4E4A-A4DB-D0A071EAB12A}.Release|Any CPU.ActiveCfg = Release|Any CPU
		{40FDCC1C-3F0A-4E4A-A4DB-D0A071EAB12A}.Release|Any CPU.Build.0 = Release|Any CPU
		{40FDCC1C-3F0A-4E4A-A4DB-D0A071EAB12A}.Release|x64.ActiveCfg = Release|Any CPU
		{40FDCC1C-3F0A-4E4A-A4DB-D0A071EAB12A}.Release|x64.Build.0 = Release|Any CPU
		{40FDCC1C-3F0A-4E4A-A4DB-D0A071EAB12A}.Release|x86.ActiveCfg = Release|Any CPU
		{40FDCC1C-3F0A-4E4A-A4DB-D0A071EAB12A}.Release|x86.Build.0 = Release|Any CPU
	EndGlobalSection
	GlobalSection(SolutionProperties) = preSolution
		HideSolutionNode = FALSE
	EndGlobalSection
	GlobalSection(NestedProjects) = preSolution
		{8D626EA8-CB54-BC41-363A-217881BEBA6E} = {827E0CD3-B72D-47B6-A68D-7590B98EB39B}
		{A57FD613-A698-44C9-BE34-98BEEFF8244D} = {8D626EA8-CB54-BC41-363A-217881BEBA6E}
		{92085A3D-C884-4ECF-807D-A0E5C1DF424C} = {8D626EA8-CB54-BC41-363A-217881BEBA6E}
		{D649916A-81CC-4828-85D2-813E0B03A3B5} = {8D626EA8-CB54-BC41-363A-217881BEBA6E}
		{78962DFE-D61D-4273-BD61-F0D81A06A013} = {8D626EA8-CB54-BC41-363A-217881BEBA6E}
		{40FDCC1C-3F0A-4E4A-A4DB-D0A071EAB12A} = {8D626EA8-CB54-BC41-363A-217881BEBA6E}
	EndGlobalSection
EndGlobal
